// !$*UTF8*$!
{
	archiveVersion = 1;
	classes = {
	};
	objectVersion = 46;
	objects = {

/* Begin PBXBuildFile section */
		772D5E931A6461F300279AD0 /* AppDelegate.swift in Sources */ = {isa = PBXBuildFile; fileRef = 772D5E921A6461F300279AD0 /* AppDelegate.swift */; };
		772D5E961A6461F300279AD0 /* NA.xcdatamodeld in Sources */ = {isa = PBXBuildFile; fileRef = 772D5E941A6461F300279AD0 /* NA.xcdatamodeld */; };
		772D5E981A6461F300279AD0 /* ViewController.swift in Sources */ = {isa = PBXBuildFile; fileRef = 772D5E971A6461F300279AD0 /* ViewController.swift */; };
		772D5E9B1A6461F300279AD0 /* Main.storyboard in Resources */ = {isa = PBXBuildFile; fileRef = 772D5E991A6461F300279AD0 /* Main.storyboard */; };
		772D5E9D1A6461F300279AD0 /* Images.xcassets in Resources */ = {isa = PBXBuildFile; fileRef = 772D5E9C1A6461F300279AD0 /* Images.xcassets */; };
		772D5EA01A6461F300279AD0 /* LaunchScreen.xib in Resources */ = {isa = PBXBuildFile; fileRef = 772D5E9E1A6461F300279AD0 /* LaunchScreen.xib */; };
		772D5EAC1A6461F300279AD0 /* NATests.swift in Sources */ = {isa = PBXBuildFile; fileRef = 772D5EAB1A6461F300279AD0 /* NATests.swift */; };
		77E690FC1A6EE7F800E24C05 /* HomeViewController.swift in Sources */ = {isa = PBXBuildFile; fileRef = 77E690FB1A6EE7F800E24C05 /* HomeViewController.swift */; };
		77E690FE1A6EE81400E24C05 /* HomeTableViewController.swift in Sources */ = {isa = PBXBuildFile; fileRef = 77E690FD1A6EE81400E24C05 /* HomeTableViewController.swift */; };
		77E6910D1A6EF31400E24C05 /* ECPercentDrivenInteractiveTransition.m in Sources */ = {isa = PBXBuildFile; fileRef = 77E691011A6EF31400E24C05 /* ECPercentDrivenInteractiveTransition.m */; };
		77E6910E1A6EF31400E24C05 /* ECSlidingAnimationController.m in Sources */ = {isa = PBXBuildFile; fileRef = 77E691031A6EF31400E24C05 /* ECSlidingAnimationController.m */; };
		77E6910F1A6EF31400E24C05 /* ECSlidingInteractiveTransition.m in Sources */ = {isa = PBXBuildFile; fileRef = 77E691061A6EF31400E24C05 /* ECSlidingInteractiveTransition.m */; };
		77E691101A6EF31400E24C05 /* ECSlidingSegue.m in Sources */ = {isa = PBXBuildFile; fileRef = 77E691081A6EF31400E24C05 /* ECSlidingSegue.m */; };
		77E691111A6EF31400E24C05 /* ECSlidingViewController.m in Sources */ = {isa = PBXBuildFile; fileRef = 77E6910A1A6EF31400E24C05 /* ECSlidingViewController.m */; };
		77E691121A6EF31400E24C05 /* UIViewController+ECSlidingViewController.m in Sources */ = {isa = PBXBuildFile; fileRef = 77E6910C1A6EF31400E24C05 /* UIViewController+ECSlidingViewController.m */; };
/* End PBXBuildFile section */

/* Begin PBXContainerItemProxy section */
		772D5EA61A6461F300279AD0 /* PBXContainerItemProxy */ = {
			isa = PBXContainerItemProxy;
			containerPortal = 772D5E851A6461F300279AD0 /* Project object */;
			proxyType = 1;
			remoteGlobalIDString = 772D5E8C1A6461F300279AD0;
			remoteInfo = NA;
		};
/* End PBXContainerItemProxy section */

/* Begin PBXFileReference section */
		772D5E8D1A6461F300279AD0 /* NA.app */ = {isa = PBXFileReference; explicitFileType = wrapper.application; includeInIndex = 0; path = NA.app; sourceTree = BUILT_PRODUCTS_DIR; };
		772D5E911A6461F300279AD0 /* Info.plist */ = {isa = PBXFileReference; lastKnownFileType = text.plist.xml; path = Info.plist; sourceTree = "<group>"; };
		772D5E921A6461F300279AD0 /* AppDelegate.swift */ = {isa = PBXFileReference; lastKnownFileType = sourcecode.swift; path = AppDelegate.swift; sourceTree = "<group>"; };
		772D5E951A6461F300279AD0 /* NA.xcdatamodel */ = {isa = PBXFileReference; lastKnownFileType = wrapper.xcdatamodel; path = NA.xcdatamodel; sourceTree = "<group>"; };
		772D5E971A6461F300279AD0 /* ViewController.swift */ = {isa = PBXFileReference; lastKnownFileType = sourcecode.swift; path = ViewController.swift; sourceTree = "<group>"; };
		772D5E9A1A6461F300279AD0 /* Base */ = {isa = PBXFileReference; lastKnownFileType = file.storyboard; name = Base; path = Base.lproj/Main.storyboard; sourceTree = "<group>"; };
		772D5E9C1A6461F300279AD0 /* Images.xcassets */ = {isa = PBXFileReference; lastKnownFileType = folder.assetcatalog; path = Images.xcassets; sourceTree = "<group>"; };
		772D5E9F1A6461F300279AD0 /* Base */ = {isa = PBXFileReference; lastKnownFileType = file.xib; name = Base; path = Base.lproj/LaunchScreen.xib; sourceTree = "<group>"; };
		772D5EA51A6461F300279AD0 /* NATests.xctest */ = {isa = PBXFileReference; explicitFileType = wrapper.cfbundle; includeInIndex = 0; path = NATests.xctest; sourceTree = BUILT_PRODUCTS_DIR; };
		772D5EAA1A6461F300279AD0 /* Info.plist */ = {isa = PBXFileReference; lastKnownFileType = text.plist.xml; path = Info.plist; sourceTree = "<group>"; };
		772D5EAB1A6461F300279AD0 /* NATests.swift */ = {isa = PBXFileReference; lastKnownFileType = sourcecode.swift; path = NATests.swift; sourceTree = "<group>"; };
		77E690FB1A6EE7F800E24C05 /* HomeViewController.swift */ = {isa = PBXFileReference; fileEncoding = 4; lastKnownFileType = sourcecode.swift; path = HomeViewController.swift; sourceTree = "<group>"; };
		77E690FD1A6EE81400E24C05 /* HomeTableViewController.swift */ = {isa = PBXFileReference; fileEncoding = 4; lastKnownFileType = sourcecode.swift; path = HomeTableViewController.swift; sourceTree = "<group>"; };
		77E691001A6EF31400E24C05 /* ECPercentDrivenInteractiveTransition.h */ = {isa = PBXFileReference; fileEncoding = 4; lastKnownFileType = sourcecode.c.h; path = ECPercentDrivenInteractiveTransition.h; sourceTree = "<group>"; };
		77E691011A6EF31400E24C05 /* ECPercentDrivenInteractiveTransition.m */ = {isa = PBXFileReference; fileEncoding = 4; lastKnownFileType = sourcecode.c.objc; path = ECPercentDrivenInteractiveTransition.m; sourceTree = "<group>"; };
		77E691021A6EF31400E24C05 /* ECSlidingAnimationController.h */ = {isa = PBXFileReference; fileEncoding = 4; lastKnownFileType = sourcecode.c.h; path = ECSlidingAnimationController.h; sourceTree = "<group>"; };
		77E691031A6EF31400E24C05 /* ECSlidingAnimationController.m */ = {isa = PBXFileReference; fileEncoding = 4; lastKnownFileType = sourcecode.c.objc; path = ECSlidingAnimationController.m; sourceTree = "<group>"; };
		77E691041A6EF31400E24C05 /* ECSlidingConstants.h */ = {isa = PBXFileReference; fileEncoding = 4; lastKnownFileType = sourcecode.c.h; path = ECSlidingConstants.h; sourceTree = "<group>"; };
		77E691051A6EF31400E24C05 /* ECSlidingInteractiveTransition.h */ = {isa = PBXFileReference; fileEncoding = 4; lastKnownFileType = sourcecode.c.h; path = ECSlidingInteractiveTransition.h; sourceTree = "<group>"; };
		77E691061A6EF31400E24C05 /* ECSlidingInteractiveTransition.m */ = {isa = PBXFileReference; fileEncoding = 4; lastKnownFileType = sourcecode.c.objc; path = ECSlidingInteractiveTransition.m; sourceTree = "<group>"; };
		77E691071A6EF31400E24C05 /* ECSlidingSegue.h */ = {isa = PBXFileReference; fileEncoding = 4; lastKnownFileType = sourcecode.c.h; path = ECSlidingSegue.h; sourceTree = "<group>"; };
		77E691081A6EF31400E24C05 /* ECSlidingSegue.m */ = {isa = PBXFileReference; fileEncoding = 4; lastKnownFileType = sourcecode.c.objc; path = ECSlidingSegue.m; sourceTree = "<group>"; };
		77E691091A6EF31400E24C05 /* ECSlidingViewController.h */ = {isa = PBXFileReference; fileEncoding = 4; lastKnownFileType = sourcecode.c.h; path = ECSlidingViewController.h; sourceTree = "<group>"; };
		77E6910A1A6EF31400E24C05 /* ECSlidingViewController.m */ = {isa = PBXFileReference; fileEncoding = 4; lastKnownFileType = sourcecode.c.objc; path = ECSlidingViewController.m; sourceTree = "<group>"; };
		77E6910B1A6EF31400E24C05 /* UIViewController+ECSlidingViewController.h */ = {isa = PBXFileReference; fileEncoding = 4; lastKnownFileType = sourcecode.c.h; path = "UIViewController+ECSlidingViewController.h"; sourceTree = "<group>"; };
		77E6910C1A6EF31400E24C05 /* UIViewController+ECSlidingViewController.m */ = {isa = PBXFileReference; fileEncoding = 4; lastKnownFileType = sourcecode.c.objc; path = "UIViewController+ECSlidingViewController.m"; sourceTree = "<group>"; };
/* End PBXFileReference section */

/* Begin PBXFrameworksBuildPhase section */
		772D5E8A1A6461F300279AD0 /* Frameworks */ = {
			isa = PBXFrameworksBuildPhase;
			buildActionMask = 2147483647;
			files = (
			);
			runOnlyForDeploymentPostprocessing = 0;
		};
		772D5EA21A6461F300279AD0 /* Frameworks */ = {
			isa = PBXFrameworksBuildPhase;
			buildActionMask = 2147483647;
			files = (
			);
			runOnlyForDeploymentPostprocessing = 0;
		};
/* End PBXFrameworksBuildPhase section */

/* Begin PBXGroup section */
		772D5E841A6461F300279AD0 = {
			isa = PBXGroup;
			children = (
				772D5E8F1A6461F300279AD0 /* NA */,
				772D5EA81A6461F300279AD0 /* NATests */,
				772D5E8E1A6461F300279AD0 /* Products */,
			);
			sourceTree = "<group>";
		};
		772D5E8E1A6461F300279AD0 /* Products */ = {
			isa = PBXGroup;
			children = (
				772D5E8D1A6461F300279AD0 /* NA.app */,
				772D5EA51A6461F300279AD0 /* NATests.xctest */,
			);
			name = Products;
			sourceTree = "<group>";
		};
		772D5E8F1A6461F300279AD0 /* NA */ = {
			isa = PBXGroup;
			children = (
				77E690FF1A6EF2FF00E24C05 /* ECSlidingViewController */,
				772D5E921A6461F300279AD0 /* AppDelegate.swift */,
				772D5E971A6461F300279AD0 /* ViewController.swift */,
				772D5E991A6461F300279AD0 /* Main.storyboard */,
				772D5E9C1A6461F300279AD0 /* Images.xcassets */,
				772D5E9E1A6461F300279AD0 /* LaunchScreen.xib */,
				772D5E941A6461F300279AD0 /* NA.xcdatamodeld */,
				772D5E901A6461F300279AD0 /* Supporting Files */,
				77E690FB1A6EE7F800E24C05 /* HomeViewController.swift */,
				77E690FD1A6EE81400E24C05 /* HomeTableViewController.swift */,
			);
			path = NA;
			sourceTree = "<group>";
		};
		772D5E901A6461F300279AD0 /* Supporting Files */ = {
			isa = PBXGroup;
			children = (
				772D5E911A6461F300279AD0 /* Info.plist */,
			);
			name = "Supporting Files";
			sourceTree = "<group>";
		};
		772D5EA81A6461F300279AD0 /* NATests */ = {
			isa = PBXGroup;
			children = (
				772D5EAB1A6461F300279AD0 /* NATests.swift */,
				772D5EA91A6461F300279AD0 /* Supporting Files */,
			);
			path = NATests;
			sourceTree = "<group>";
		};
		772D5EA91A6461F300279AD0 /* Supporting Files */ = {
			isa = PBXGroup;
			children = (
				772D5EAA1A6461F300279AD0 /* Info.plist */,
			);
			name = "Supporting Files";
			sourceTree = "<group>";
		};
		77E690FF1A6EF2FF00E24C05 /* ECSlidingViewController */ = {
			isa = PBXGroup;
			children = (
				77E691001A6EF31400E24C05 /* ECPercentDrivenInteractiveTransition.h */,
				77E691011A6EF31400E24C05 /* ECPercentDrivenInteractiveTransition.m */,
				77E691021A6EF31400E24C05 /* ECSlidingAnimationController.h */,
				77E691031A6EF31400E24C05 /* ECSlidingAnimationController.m */,
				77E691041A6EF31400E24C05 /* ECSlidingConstants.h */,
				77E691051A6EF31400E24C05 /* ECSlidingInteractiveTransition.h */,
				77E691061A6EF31400E24C05 /* ECSlidingInteractiveTransition.m */,
				77E691071A6EF31400E24C05 /* ECSlidingSegue.h */,
				77E691081A6EF31400E24C05 /* ECSlidingSegue.m */,
				77E691091A6EF31400E24C05 /* ECSlidingViewController.h */,
				77E6910A1A6EF31400E24C05 /* ECSlidingViewController.m */,
				77E6910B1A6EF31400E24C05 /* UIViewController+ECSlidingViewController.h */,
				77E6910C1A6EF31400E24C05 /* UIViewController+ECSlidingViewController.m */,
			);
			name = ECSlidingViewController;
			sourceTree = "<group>";
		};
/* End PBXGroup section */

/* Begin PBXNativeTarget section */
		772D5E8C1A6461F300279AD0 /* NA */ = {
			isa = PBXNativeTarget;
			buildConfigurationList = 772D5EAF1A6461F300279AD0 /* Build configuration list for PBXNativeTarget "NA" */;
			buildPhases = (
				772D5E891A6461F300279AD0 /* Sources */,
				772D5E8A1A6461F300279AD0 /* Frameworks */,
				772D5E8B1A6461F300279AD0 /* Resources */,
			);
			buildRules = (
			);
			dependencies = (
			);
			name = NA;
			productName = NA;
			productReference = 772D5E8D1A6461F300279AD0 /* NA.app */;
			productType = "com.apple.product-type.application";
		};
		772D5EA41A6461F300279AD0 /* NATests */ = {
			isa = PBXNativeTarget;
			buildConfigurationList = 772D5EB21A6461F300279AD0 /* Build configuration list for PBXNativeTarget "NATests" */;
			buildPhases = (
				772D5EA11A6461F300279AD0 /* Sources */,
				772D5EA21A6461F300279AD0 /* Frameworks */,
				772D5EA31A6461F300279AD0 /* Resources */,
			);
			buildRules = (
			);
			dependencies = (
				772D5EA71A6461F300279AD0 /* PBXTargetDependency */,
			);
			name = NATests;
			productName = NATests;
			productReference = 772D5EA51A6461F300279AD0 /* NATests.xctest */;
			productType = "com.apple.product-type.bundle.unit-test";
		};
/* End PBXNativeTarget section */

/* Begin PBXProject section */
		772D5E851A6461F300279AD0 /* Project object */ = {
			isa = PBXProject;
			attributes = {
				LastUpgradeCheck = 0600;
				ORGANIZATIONNAME = NA;
				TargetAttributes = {
					772D5E8C1A6461F300279AD0 = {
						CreatedOnToolsVersion = 6.0.1;
					};
					772D5EA41A6461F300279AD0 = {
						CreatedOnToolsVersion = 6.0.1;
						TestTargetID = 772D5E8C1A6461F300279AD0;
					};
				};
			};
			buildConfigurationList = 772D5E881A6461F300279AD0 /* Build configuration list for PBXProject "NA" */;
			compatibilityVersion = "Xcode 3.2";
			developmentRegion = English;
			hasScannedForEncodings = 0;
			knownRegions = (
				en,
				Base,
			);
			mainGroup = 772D5E841A6461F300279AD0;
			productRefGroup = 772D5E8E1A6461F300279AD0 /* Products */;
			projectDirPath = "";
			projectRoot = "";
			targets = (
				772D5E8C1A6461F300279AD0 /* NA */,
				772D5EA41A6461F300279AD0 /* NATests */,
			);
		};
/* End PBXProject section */

/* Begin PBXResourcesBuildPhase section */
		772D5E8B1A6461F300279AD0 /* Resources */ = {
			isa = PBXResourcesBuildPhase;
			buildActionMask = 2147483647;
			files = (
				772D5E9B1A6461F300279AD0 /* Main.storyboard in Resources */,
				772D5EA01A6461F300279AD0 /* LaunchScreen.xib in Resources */,
				772D5E9D1A6461F300279AD0 /* Images.xcassets in Resources */,
			);
			runOnlyForDeploymentPostprocessing = 0;
		};
		772D5EA31A6461F300279AD0 /* Resources */ = {
			isa = PBXResourcesBuildPhase;
			buildActionMask = 2147483647;
			files = (
			);
			runOnlyForDeploymentPostprocessing = 0;
		};
/* End PBXResourcesBuildPhase section */

/* Begin PBXSourcesBuildPhase section */
		772D5E891A6461F300279AD0 /* Sources */ = {
			isa = PBXSourcesBuildPhase;
			buildActionMask = 2147483647;
			files = (
				772D5E981A6461F300279AD0 /* ViewController.swift in Sources */,
				77E691111A6EF31400E24C05 /* ECSlidingViewController.m in Sources */,
				772D5E961A6461F300279AD0 /* NA.xcdatamodeld in Sources */,
				77E691101A6EF31400E24C05 /* ECSlidingSegue.m in Sources */,
				772D5E931A6461F300279AD0 /* AppDelegate.swift in Sources */,
				77E690FC1A6EE7F800E24C05 /* HomeViewController.swift in Sources */,
				77E6910F1A6EF31400E24C05 /* ECSlidingInteractiveTransition.m in Sources */,
				77E6910E1A6EF31400E24C05 /* ECSlidingAnimationController.m in Sources */,
				77E690FE1A6EE81400E24C05 /* HomeTableViewController.swift in Sources */,
				77E6910D1A6EF31400E24C05 /* ECPercentDrivenInteractiveTransition.m in Sources */,
				77E691121A6EF31400E24C05 /* UIViewController+ECSlidingViewController.m in Sources */,
			);
			runOnlyForDeploymentPostprocessing = 0;
		};
		772D5EA11A6461F300279AD0 /* Sources */ = {
			isa = PBXSourcesBuildPhase;
			buildActionMask = 2147483647;
			files = (
				772D5EAC1A6461F300279AD0 /* NATests.swift in Sources */,
			);
			runOnlyForDeploymentPostprocessing = 0;
		};
/* End PBXSourcesBuildPhase section */

/* Begin PBXTargetDependency section */
		772D5EA71A6461F300279AD0 /* PBXTargetDependency */ = {
			isa = PBXTargetDependency;
			target = 772D5E8C1A6461F300279AD0 /* NA */;
			targetProxy = 772D5EA61A6461F300279AD0 /* PBXContainerItemProxy */;
		};
/* End PBXTargetDependency section */

/* Begin PBXVariantGroup section */
		772D5E991A6461F300279AD0 /* Main.storyboard */ = {
			isa = PBXVariantGroup;
			children = (
				772D5E9A1A6461F300279AD0 /* Base */,
			);
			name = Main.storyboard;
			sourceTree = "<group>";
		};
		772D5E9E1A6461F300279AD0 /* LaunchScreen.xib */ = {
			isa = PBXVariantGroup;
			children = (
				772D5E9F1A6461F300279AD0 /* Base */,
			);
			name = LaunchScreen.xib;
			sourceTree = "<group>";
		};
/* End PBXVariantGroup section */

/* Begin XCBuildConfiguration section */
		772D5EAD1A6461F300279AD0 /* Debug */ = {
			isa = XCBuildConfiguration;
			buildSettings = {
				ALWAYS_SEARCH_USER_PATHS = NO;
				CLANG_CXX_LANGUAGE_STANDARD = "gnu++0x";
				CLANG_CXX_LIBRARY = "libc++";
				CLANG_ENABLE_MODULES = YES;
				CLANG_ENABLE_OBJC_ARC = YES;
				CLANG_WARN_BOOL_CONVERSION = YES;
				CLANG_WARN_CONSTANT_CONVERSION = YES;
				CLANG_WARN_DIRECT_OBJC_ISA_USAGE = YES_ERROR;
				CLANG_WARN_EMPTY_BODY = YES;
				CLANG_WARN_ENUM_CONVERSION = YES;
				CLANG_WARN_INT_CONVERSION = YES;
				CLANG_WARN_OBJC_ROOT_CLASS = YES_ERROR;
				CLANG_WARN_UNREACHABLE_CODE = YES;
				CLANG_WARN__DUPLICATE_METHOD_MATCH = YES;
				"CODE_SIGN_IDENTITY[sdk=iphoneos*]" = "iPhone Developer";
				COPY_PHASE_STRIP = NO;
				ENABLE_STRICT_OBJC_MSGSEND = YES;
				GCC_C_LANGUAGE_STANDARD = gnu99;
				GCC_DYNAMIC_NO_PIC = NO;
				GCC_OPTIMIZATION_LEVEL = 0;
				GCC_PREPROCESSOR_DEFINITIONS = (
					"DEBUG=1",
					"$(inherited)",
				);
				GCC_SYMBOLS_PRIVATE_EXTERN = NO;
				GCC_WARN_64_TO_32_BIT_CONVERSION = YES;
				GCC_WARN_ABOUT_RETURN_TYPE = YES_ERROR;
				GCC_WARN_UNDECLARED_SELECTOR = YES;
				GCC_WARN_UNINITIALIZED_AUTOS = YES_AGGRESSIVE;
				GCC_WARN_UNUSED_FUNCTION = YES;
				GCC_WARN_UNUSED_VARIABLE = YES;
				IPHONEOS_DEPLOYMENT_TARGET = 8.0;
				MTL_ENABLE_DEBUG_INFO = YES;
				ONLY_ACTIVE_ARCH = YES;
				SDKROOT = iphoneos;
				SWIFT_OPTIMIZATION_LEVEL = "-Onone";
				TARGETED_DEVICE_FAMILY = "1,2";
			};
			name = Debug;
		};
		772D5EAE1A6461F300279AD0 /* Release */ = {
			isa = XCBuildConfiguration;
			buildSettings = {
				ALWAYS_SEARCH_USER_PATHS = NO;
				CLANG_CXX_LANGUAGE_STANDARD = "gnu++0x";
				CLANG_CXX_LIBRARY = "libc++";
				CLANG_ENABLE_MODULES = YES;
				CLANG_ENABLE_OBJC_ARC = YES;
				CLANG_WARN_BOOL_CONVERSION = YES;
				CLANG_WARN_CONSTANT_CONVERSION = YES;
				CLANG_WARN_DIRECT_OBJC_ISA_USAGE = YES_ERROR;
				CLANG_WARN_EMPTY_BODY = YES;
				CLANG_WARN_ENUM_CONVERSION = YES;
				CLANG_WARN_INT_CONVERSION = YES;
				CLANG_WARN_OBJC_ROOT_CLASS = YES_ERROR;
				CLANG_WARN_UNREACHABLE_CODE = YES;
				CLANG_WARN__DUPLICATE_METHOD_MATCH = YES;
				"CODE_SIGN_IDENTITY[sdk=iphoneos*]" = "iPhone Developer";
				COPY_PHASE_STRIP = YES;
				ENABLE_NS_ASSERTIONS = NO;
				ENABLE_STRICT_OBJC_MSGSEND = YES;
				GCC_C_LANGUAGE_STANDARD = gnu99;
				GCC_WARN_64_TO_32_BIT_CONVERSION = YES;
				GCC_WARN_ABOUT_RETURN_TYPE = YES_ERROR;
				GCC_WARN_UNDECLARED_SELECTOR = YES;
				GCC_WARN_UNINITIALIZED_AUTOS = YES_AGGRESSIVE;
				GCC_WARN_UNUSED_FUNCTION = YES;
				GCC_WARN_UNUSED_VARIABLE = YES;
				IPHONEOS_DEPLOYMENT_TARGET = 8.0;
				MTL_ENABLE_DEBUG_INFO = NO;
				SDKROOT = iphoneos;
				TARGETED_DEVICE_FAMILY = "1,2";
				VALIDATE_PRODUCT = YES;
			};
			name = Release;
		};
		772D5EB01A6461F300279AD0 /* Debug */ = {
			isa = XCBuildConfiguration;
			buildSettings = {
				ASSETCATALOG_COMPILER_APPICON_NAME = AppIcon;
				INFOPLIST_FILE = NA/Info.plist;
				LD_RUNPATH_SEARCH_PATHS = "$(inherited) @executable_path/Frameworks";
				PRODUCT_NAME = "$(TARGET_NAME)";
			};
			name = Debug;
		};
		772D5EB11A6461F300279AD0 /* Release */ = {
			isa = XCBuildConfiguration;
			buildSettings = {
				ASSETCATALOG_COMPILER_APPICON_NAME = AppIcon;
				INFOPLIST_FILE = NA/Info.plist;
				LD_RUNPATH_SEARCH_PATHS = "$(inherited) @executable_path/Frameworks";
				PRODUCT_NAME = "$(TARGET_NAME)";
			};
			name = Release;
		};
		772D5EB31A6461F300279AD0 /* Debug */ = {
			isa = XCBuildConfiguration;
			buildSettings = {
				BUNDLE_LOADER = "$(TEST_HOST)";
				FRAMEWORK_SEARCH_PATHS = (
					"$(SDKROOT)/Developer/Library/Frameworks",
					"$(inherited)",
				);
				GCC_PREPROCESSOR_DEFINITIONS = (
					"DEBUG=1",
					"$(inherited)",
				);
				INFOPLIST_FILE = NATests/Info.plist;
				LD_RUNPATH_SEARCH_PATHS = "$(inherited) @executable_path/Frameworks @loader_path/Frameworks";
				PRODUCT_NAME = "$(TARGET_NAME)";
				TEST_HOST = "$(BUILT_PRODUCTS_DIR)/NA.app/NA";
			};
			name = Debug;
		};
		772D5EB41A6461F300279AD0 /* Release */ = {
			isa = XCBuildConfiguration;
			buildSettings = {
				BUNDLE_LOADER = "$(TEST_HOST)";
				FRAMEWORK_SEARCH_PATHS = (
					"$(SDKROOT)/Developer/Library/Frameworks",
					"$(inherited)",
				);
				INFOPLIST_FILE = NATests/Info.plist;
				LD_RUNPATH_SEARCH_PATHS = "$(inherited) @executable_path/Frameworks @loader_path/Frameworks";
				PRODUCT_NAME = "$(TARGET_NAME)";
				TEST_HOST = "$(BUILT_PRODUCTS_DIR)/NA.app/NA";
			};
			name = Release;
		};
/* End XCBuildConfiguration section */

/* Begin XCConfigurationList section */
		772D5E881A6461F300279AD0 /* Build configuration list for PBXProject "NA" */ = {
			isa = XCConfigurationList;
			buildConfigurations = (
				772D5EAD1A6461F300279AD0 /* Debug */,
				772D5EAE1A6461F300279AD0 /* Release */,
			);
			defaultConfigurationIsVisible = 0;
			defaultConfigurationName = Release;
		};
		772D5EAF1A6461F300279AD0 /* Build configuration list for PBXNativeTarget "NA" */ = {
			isa = XCConfigurationList;
			buildConfigurations = (
				772D5EB01A6461F300279AD0 /* Debug */,
				772D5EB11A6461F300279AD0 /* Release */,
			);
			defaultConfigurationIsVisible = 0;
			defaultConfigurationName = Release;
		};
		772D5EB21A6461F300279AD0 /* Build configuration list for PBXNativeTarget "NATests" */ = {
			isa = XCConfigurationList;
			buildConfigurations = (
				772D5EB31A6461F300279AD0 /* Debug */,
				772D5EB41A6461F300279AD0 /* Release */,
			);
			defaultConfigurationIsVisible = 0;
			defaultConfigurationName = Release;
		};
/* End XCConfigurationList section */

/* Begin XCVersionGroup section */
		772D5E941A6461F300279AD0 /* NA.xcdatamodeld */ = {
			isa = XCVersionGroup;
			children = (
				772D5E951A6461F300279AD0 /* NA.xcdatamodel */,
			);
			currentVersion = 772D5E951A6461F300279AD0 /* NA.xcdatamodel */;
			path = NA.xcdatamodeld;
			sourceTree = "<group>";
			versionGroupType = wrapper.xcdatamodel;
		};
/* End XCVersionGroup section */
	};
	rootObject = 772D5E851A6461F300279AD0 /* Project object */;
}
